PODS:
  - ObjectiveDropboxOfficial (4.0.0)

DEPENDENCIES:
  - ObjectiveDropboxOfficial

SPEC REPOS:
  trunk:
    - ObjectiveDropboxOfficial

SPEC CHECKSUMS:
  ObjectiveDropboxOfficial: 4482e13f7494132a9b6c700755189b1b70d9629e

PODFILE CHECKSUM: 2131fc6df43b0b5f16bf34fc953e6374fcf2b406

COCOAPODS: 1.9.3
