PODS:
  - ObjectiveDropboxOfficial (4.0.0)

DEPENDENCIES:
  - ObjectiveDropboxOfficial

SPEC REPOS:
  trunk:
    - ObjectiveDropboxOfficial

SPEC CHECKSUMS:
  ObjectiveDropboxOfficial: 4482e13f7494132a9b6c700755189b1b70d9629e

PODFILE CHECKSUM: 6ede4ed239034409dc50241026e4d5e6411eb0ab

COCOAPODS: 1.9.3
