PODS:
  - ObjectiveDropboxOfficial (3.9.2)

DEPENDENCIES:
  - ObjectiveDropboxOfficial

SPEC REPOS:
  https://github.com/cocoapods/specs.git:
    - ObjectiveDropboxOfficial

SPEC CHECKSUMS:
  ObjectiveDropboxOfficial: aa792e0556ceb7b72955fa29a2709072f6e35fd9

PODFILE CHECKSUM: 6ede4ed239034409dc50241026e4d5e6411eb0ab

COCOAPODS: 1.5.3
