// !$*UTF8*$!
{
	archiveVersion = 1;
	classes = {
	};
	objectVersion = 45;
	objects = {

/* Begin PBXBuildFile section */
		1D3623260D0F684500981E51 /* FrotzAppDelegate.m in Sources */ = {isa = PBXBuildFile; fileRef = 1D3623250D0F684500981E51 /* FrotzAppDelegate.m */; };
		1D60589F0D05DD5A006BFB54 /* Foundation.framework in Frameworks */ = {isa = PBXBuildFile; fileRef = 1D30AB110D05D00D00671497 /* Foundation.framework */; };
		1DF5F4E00D08C38300B7A737 /* UIKit.framework in Frameworks */ = {isa = PBXBuildFile; fileRef = 1DF5F4DF0D08C38300B7A737 /* UIKit.framework */; };
		2892E4100DC94CBA00A64D0F /* CoreGraphics.framework in Frameworks */ = {isa = PBXBuildFile; fileRef = 2892E40F0DC94CBA00A64D0F /* CoreGraphics.framework */; };
		441EC8410E10BD1100E74625 /* buffer.c in Sources */ = {isa = PBXBuildFile; fileRef = 441EC82B0E10BD1100E74625 /* buffer.c */; };
		441EC8420E10BD1100E74625 /* err.c in Sources */ = {isa = PBXBuildFile; fileRef = 441EC82C0E10BD1100E74625 /* err.c */; };
		441EC8430E10BD1100E74625 /* fastmem.c in Sources */ = {isa = PBXBuildFile; fileRef = 441EC82D0E10BD1100E74625 /* fastmem.c */; };
		441EC8440E10BD1100E74625 /* files.c in Sources */ = {isa = PBXBuildFile; fileRef = 441EC82E0E10BD1100E74625 /* files.c */; };
		441EC8450E10BD1100E74625 /* getopt.c in Sources */ = {isa = PBXBuildFile; fileRef = 441EC8300E10BD1100E74625 /* getopt.c */; };
		441EC8460E10BD1100E74625 /* hotkey.c in Sources */ = {isa = PBXBuildFile; fileRef = 441EC8310E10BD1100E74625 /* hotkey.c */; };
		441EC8470E10BD1100E74625 /* input.c in Sources */ = {isa = PBXBuildFile; fileRef = 441EC8320E10BD1100E74625 /* input.c */; };
		441EC8480E10BD1100E74625 /* main.c in Sources */ = {isa = PBXBuildFile; fileRef = 441EC8330E10BD1100E74625 /* main.c */; };
		441EC8490E10BD1100E74625 /* math.c in Sources */ = {isa = PBXBuildFile; fileRef = 441EC8340E10BD1100E74625 /* math.c */; };
		441EC84A0E10BD1100E74625 /* object.c in Sources */ = {isa = PBXBuildFile; fileRef = 441EC8350E10BD1100E74625 /* object.c */; };
		441EC84B0E10BD1100E74625 /* process.c in Sources */ = {isa = PBXBuildFile; fileRef = 441EC8360E10BD1100E74625 /* process.c */; };
		441EC84C0E10BD1100E74625 /* quetzal.c in Sources */ = {isa = PBXBuildFile; fileRef = 441EC8370E10BD1100E74625 /* quetzal.c */; };
		441EC84D0E10BD1100E74625 /* random.c in Sources */ = {isa = PBXBuildFile; fileRef = 441EC8380E10BD1100E74625 /* random.c */; };
		441EC84E0E10BD1100E74625 /* redirect.c in Sources */ = {isa = PBXBuildFile; fileRef = 441EC8390E10BD1100E74625 /* redirect.c */; };
		441EC84F0E10BD1100E74625 /* screen.c in Sources */ = {isa = PBXBuildFile; fileRef = 441EC83A0E10BD1100E74625 /* screen.c */; };
		441EC8500E10BD1100E74625 /* sound.c in Sources */ = {isa = PBXBuildFile; fileRef = 441EC83C0E10BD1100E74625 /* sound.c */; };
		441EC8510E10BD1100E74625 /* stream.c in Sources */ = {isa = PBXBuildFile; fileRef = 441EC83D0E10BD1100E74625 /* stream.c */; };
		441EC8520E10BD1100E74625 /* table.c in Sources */ = {isa = PBXBuildFile; fileRef = 441EC83E0E10BD1100E74625 /* table.c */; };
		441EC8530E10BD1100E74625 /* text.c in Sources */ = {isa = PBXBuildFile; fileRef = 441EC83F0E10BD1100E74625 /* text.c */; };
		441EC8540E10BD1100E74625 /* variable.c in Sources */ = {isa = PBXBuildFile; fileRef = 441EC8400E10BD1100E74625 /* variable.c */; };
		441EC8670E10BD4400E74625 /* ui_audio_none.c in Sources */ = {isa = PBXBuildFile; fileRef = 441EC85B0E10BD4400E74625 /* ui_audio_none.c */; };
		441EC8690E10BD4400E74625 /* ui_init.c in Sources */ = {isa = PBXBuildFile; fileRef = 441EC85D0E10BD4400E74625 /* ui_init.c */; };
		441EC86B0E10BD4400E74625 /* ui_input.c in Sources */ = {isa = PBXBuildFile; fileRef = 441EC85F0E10BD4400E74625 /* ui_input.c */; };
		441EC86D0E10BD4400E74625 /* ui_pic.c in Sources */ = {isa = PBXBuildFile; fileRef = 441EC8610E10BD4400E74625 /* ui_pic.c */; };
		441EC86F0E10BD4400E74625 /* ui_text.c in Sources */ = {isa = PBXBuildFile; fileRef = 441EC8640E10BD4400E74625 /* ui_text.c */; };
		441EC87B0E10BF3E00E74625 /* main.m in Sources */ = {isa = PBXBuildFile; fileRef = 441EC85A0E10BD4400E74625 /* main.m */; };
		443149090E39A51B007A075F /* Default.png in Resources */ = {isa = PBXBuildFile; fileRef = 443149080E39A51B007A075F /* Default.png */; };
		443149C50E3B0077007A075F /* NavBack.png in Resources */ = {isa = PBXBuildFile; fileRef = 443149C40E3B0077007A075F /* NavBack.png */; };
		443149D80E3B0154007A075F /* NavForward.png in Resources */ = {isa = PBXBuildFile; fileRef = 443149D70E3B0154007A075F /* NavForward.png */; };
		443C9B4A0E46A518003A44D4 /* ui_utils.m in Sources */ = {isa = PBXBuildFile; fileRef = 443C9B490E46A518003A44D4 /* ui_utils.m */; };
		443C9DE30E46DD59003A44D4 /* metadata.plist in Resources */ = {isa = PBXBuildFile; fileRef = 443C9DE20E46DD59003A44D4 /* metadata.plist */; };
		445FC8BB0E171B2A00059247 /* icon.png in Resources */ = {isa = PBXBuildFile; fileRef = 445FC8BA0E171B2A00059247 /* icon.png */; };
		446248DC0E3BABF10057917B /* nowplaying.png in Resources */ = {isa = PBXBuildFile; fileRef = 446248DB0E3BABF10057917B /* nowplaying.png */; };
		446B9DA00E2059E3002BDD65 /* Games in Resources */ = {isa = PBXBuildFile; fileRef = 446B9D960E2059E3002BDD65 /* Games */; };
		446B9EAB0E2075D1002BDD65 /* FileBrowser.m in Sources */ = {isa = PBXBuildFile; fileRef = 446B9EA60E2075D1002BDD65 /* FileBrowser.m */; };
		446B9EAC0E2075D1002BDD65 /* StoryBrowser.m in Sources */ = {isa = PBXBuildFile; fileRef = 446B9EA80E2075D1002BDD65 /* StoryBrowser.m */; };
		446B9EAD0E2075D1002BDD65 /* StoryMainViewController.m in Sources */ = {isa = PBXBuildFile; fileRef = 446B9EAA0E2075D1002BDD65 /* StoryMainViewController.m */; };
		447490600E85BA4C00A5310F /* CFNetwork.framework in Frameworks */ = {isa = PBXBuildFile; fileRef = 4474905F0E85BA4C00A5310F /* CFNetwork.framework */; };
		447E4E890E46545900B33BBF /* FrotzInfo.m in Sources */ = {isa = PBXBuildFile; fileRef = 447E4E880E46545900B33BBF /* FrotzInfo.m */; };
		448164540E6D02C60022EDC0 /* GettingStarted.m in Sources */ = {isa = PBXBuildFile; fileRef = 448164530E6D02C60022EDC0 /* GettingStarted.m */; };
		448167DD0E7259280022EDC0 /* FontPicker.m in Sources */ = {isa = PBXBuildFile; fileRef = 448167DC0E7259280022EDC0 /* FontPicker.m */; };
		4488D1D30E21E81F008C6FE0 /* StoryWebBrowserController.m in Sources */ = {isa = PBXBuildFile; fileRef = 4488D1D20E21E81F008C6FE0 /* StoryWebBrowserController.m */; };
		449516AB0F7DEDA90060F524 /* FTPServ.m in Sources */ = {isa = PBXBuildFile; fileRef = 449516AA0F7DEDA90060F524 /* FTPServ.m */; };
		44951EA10E31B79A00FEC2B0 /* adler32.c in Sources */ = {isa = PBXBuildFile; fileRef = 44951E8F0E31B79A00FEC2B0 /* adler32.c */; };
		44951EA20E31B79A00FEC2B0 /* crc32.c in Sources */ = {isa = PBXBuildFile; fileRef = 44951E900E31B79A00FEC2B0 /* crc32.c */; };
		44951EA30E31B79A00FEC2B0 /* deflate.c in Sources */ = {isa = PBXBuildFile; fileRef = 44951E920E31B79A00FEC2B0 /* deflate.c */; };
		44951EA40E31B79A00FEC2B0 /* gzio.c in Sources */ = {isa = PBXBuildFile; fileRef = 44951E940E31B79A00FEC2B0 /* gzio.c */; };
		44951EA50E31B79A00FEC2B0 /* infback.c in Sources */ = {isa = PBXBuildFile; fileRef = 44951E950E31B79A00FEC2B0 /* infback.c */; };
		44951EA60E31B79A00FEC2B0 /* inffast.c in Sources */ = {isa = PBXBuildFile; fileRef = 44951E960E31B79A00FEC2B0 /* inffast.c */; };
		44951EA70E31B79A00FEC2B0 /* inflate.c in Sources */ = {isa = PBXBuildFile; fileRef = 44951E990E31B79A00FEC2B0 /* inflate.c */; };
		44951EA80E31B79A00FEC2B0 /* inftrees.c in Sources */ = {isa = PBXBuildFile; fileRef = 44951E9B0E31B79A00FEC2B0 /* inftrees.c */; };
		44951EA90E31B79A00FEC2B0 /* trees.c in Sources */ = {isa = PBXBuildFile; fileRef = 44951E9D0E31B79A00FEC2B0 /* trees.c */; };
		44951EAA0E31B79A00FEC2B0 /* uncompr.c in Sources */ = {isa = PBXBuildFile; fileRef = 44951E9F0E31B79A00FEC2B0 /* uncompr.c */; };
		44951EB20E31B7F500FEC2B0 /* zutil.c in Sources */ = {isa = PBXBuildFile; fileRef = 44951EB00E31B7F500FEC2B0 /* zutil.c */; };
		44951EB50E31B81E00FEC2B0 /* compress.c in Sources */ = {isa = PBXBuildFile; fileRef = 44951EB40E31B81E00FEC2B0 /* compress.c */; };
		44951F7C0E32799500FEC2B0 /* ioapi.c in Sources */ = {isa = PBXBuildFile; fileRef = 44951F770E32799500FEC2B0 /* ioapi.c */; };
		44951F7D0E32799500FEC2B0 /* extractzfromz.m in Sources */ = {isa = PBXBuildFile; fileRef = 44951F790E32799500FEC2B0 /* extractzfromz.m */; };
		44951F7E0E32799500FEC2B0 /* unzip.c in Sources */ = {isa = PBXBuildFile; fileRef = 44951F7A0E32799500FEC2B0 /* unzip.c */; };
		44B6DD390F7C74E500EBE1BD /* FileTransferInfo.m in Sources */ = {isa = PBXBuildFile; fileRef = 44B6DD380F7C74E500EBE1BD /* FileTransferInfo.m */; };
		44CA10990E3D93B0009AEF85 /* QuartzCore.framework in Frameworks */ = {isa = PBXBuildFile; fileRef = 44CA10980E3D93B0009AEF85 /* QuartzCore.framework */; };
		44CA11BD0E3EF636009AEF85 /* FrotzSplash.png in Resources */ = {isa = PBXBuildFile; fileRef = 44CA11BC0E3EF636009AEF85 /* FrotzSplash.png */; };
		44CA12F10E41076D009AEF85 /* TransitionView.m in Sources */ = {isa = PBXBuildFile; fileRef = 44CA12F00E41076D009AEF85 /* TransitionView.m */; };
		44EA5BA60E67CD2200EF37C5 /* AboutFrotz.m in Sources */ = {isa = PBXBuildFile; fileRef = 44EA5BA50E67CD2200EF37C5 /* AboutFrotz.m */; };
		44FA76980E4A5C43007DCC99 /* URLPromptController.m in Sources */ = {isa = PBXBuildFile; fileRef = 44FA76970E4A5C43007DCC99 /* URLPromptController.m */; };
		44FA76C20E4A5D89007DCC99 /* BookmarkListController.m in Sources */ = {isa = PBXBuildFile; fileRef = 44FA76C10E4A5D89007DCC99 /* BookmarkListController.m */; };
		44FB393D0E612A3D00142D85 /* FrotzSettings.m in Sources */ = {isa = PBXBuildFile; fileRef = 44FB393B0E612A3D00142D85 /* FrotzSettings.m */; };
		44FB393E0E612A3D00142D85 /* DisplayCell.m in Sources */ = {isa = PBXBuildFile; fileRef = 44FB393C0E612A3D00142D85 /* DisplayCell.m */; };
		44FB39500E612B1D00142D85 /* SourceCell.m in Sources */ = {isa = PBXBuildFile; fileRef = 44FB394F0E612B1D00142D85 /* SourceCell.m */; };
		44FB39FA0E62406C00142D85 /* ColorPicker.m in Sources */ = {isa = PBXBuildFile; fileRef = 44FB39F90E62406C00142D85 /* ColorPicker.m */; };
		44FB3BA50E6390DC00142D85 /* hsv-crosshair.png in Resources */ = {isa = PBXBuildFile; fileRef = 44FB3BA30E6390DC00142D85 /* hsv-crosshair.png */; };
		44FB3BA60E6390DC00142D85 /* val-crosshair.png in Resources */ = {isa = PBXBuildFile; fileRef = 44FB3BA40E6390DC00142D85 /* val-crosshair.png */; };
/* End PBXBuildFile section */

/* Begin PBXCopyFilesBuildPhase section */
		4431B76C0E204F52001E5DAD /* CopyFiles */ = {
			isa = PBXCopyFilesBuildPhase;
			buildActionMask = 12;
			dstPath = ..;
			dstSubfolderSpec = 16;
			files = (
			);
			runOnlyForDeploymentPostprocessing = 0;
		};
/* End PBXCopyFilesBuildPhase section */

/* Begin PBXFileReference section */
		1D30AB110D05D00D00671497 /* Foundation.framework */ = {isa = PBXFileReference; lastKnownFileType = wrapper.framework; name = Foundation.framework; path = System/Library/Frameworks/Foundation.framework; sourceTree = SDKROOT; };
		1D3623240D0F684500981E51 /* FrotzAppDelegate.h */ = {isa = PBXFileReference; fileEncoding = 4; lastKnownFileType = sourcecode.c.h; path = FrotzAppDelegate.h; sourceTree = "<group>"; };
		1D3623250D0F684500981E51 /* FrotzAppDelegate.m */ = {isa = PBXFileReference; fileEncoding = 4; lastKnownFileType = sourcecode.c.objc; path = FrotzAppDelegate.m; sourceTree = "<group>"; };
		1D6058910D05DD3D006BFB54 /* Frotz.app */ = {isa = PBXFileReference; explicitFileType = wrapper.application; includeInIndex = 0; path = Frotz.app; sourceTree = BUILT_PRODUCTS_DIR; };
		1DF5F4DF0D08C38300B7A737 /* UIKit.framework */ = {isa = PBXFileReference; lastKnownFileType = wrapper.framework; name = UIKit.framework; path = System/Library/Frameworks/UIKit.framework; sourceTree = SDKROOT; };
		2892E40F0DC94CBA00A64D0F /* CoreGraphics.framework */ = {isa = PBXFileReference; lastKnownFileType = wrapper.framework; name = CoreGraphics.framework; path = System/Library/Frameworks/CoreGraphics.framework; sourceTree = SDKROOT; };
		28A0AAE50D9B0CCF005BE974 /* Frotz_Prefix.pch */ = {isa = PBXFileReference; fileEncoding = 4; lastKnownFileType = sourcecode.c.h; path = Frotz_Prefix.pch; sourceTree = "<group>"; };
		29B97316FDCFA39411CA2CEA /* main.m */ = {isa = PBXFileReference; fileEncoding = 4; lastKnownFileType = sourcecode.c.objc; path = main.m; sourceTree = "<group>"; };
		441EC82B0E10BD1100E74625 /* buffer.c */ = {isa = PBXFileReference; fileEncoding = 4; lastKnownFileType = sourcecode.c.c; name = buffer.c; path = common/buffer.c; sourceTree = "<group>"; };
		441EC82C0E10BD1100E74625 /* err.c */ = {isa = PBXFileReference; fileEncoding = 4; lastKnownFileType = sourcecode.c.c; name = err.c; path = common/err.c; sourceTree = "<group>"; };
		441EC82D0E10BD1100E74625 /* fastmem.c */ = {isa = PBXFileReference; fileEncoding = 4; lastKnownFileType = sourcecode.c.c; name = fastmem.c; path = common/fastmem.c; sourceTree = "<group>"; };
		441EC82E0E10BD1100E74625 /* files.c */ = {isa = PBXFileReference; fileEncoding = 4; lastKnownFileType = sourcecode.c.c; name = files.c; path = common/files.c; sourceTree = "<group>"; };
		441EC82F0E10BD1100E74625 /* frotz.h */ = {isa = PBXFileReference; fileEncoding = 4; lastKnownFileType = sourcecode.c.h; name = frotz.h; path = common/frotz.h; sourceTree = "<group>"; };
		441EC8300E10BD1100E74625 /* getopt.c */ = {isa = PBXFileReference; fileEncoding = 4; lastKnownFileType = sourcecode.c.c; name = getopt.c; path = common/getopt.c; sourceTree = "<group>"; };
		441EC8310E10BD1100E74625 /* hotkey.c */ = {isa = PBXFileReference; fileEncoding = 4; lastKnownFileType = sourcecode.c.c; name = hotkey.c; path = common/hotkey.c; sourceTree = "<group>"; };
		441EC8320E10BD1100E74625 /* input.c */ = {isa = PBXFileReference; fileEncoding = 4; lastKnownFileType = sourcecode.c.c; name = input.c; path = common/input.c; sourceTree = "<group>"; };
		441EC8330E10BD1100E74625 /* main.c */ = {isa = PBXFileReference; fileEncoding = 4; lastKnownFileType = sourcecode.c.c; name = main.c; path = common/main.c; sourceTree = "<group>"; };
		441EC8340E10BD1100E74625 /* math.c */ = {isa = PBXFileReference; fileEncoding = 4; lastKnownFileType = sourcecode.c.c; name = math.c; path = common/math.c; sourceTree = "<group>"; };
		441EC8350E10BD1100E74625 /* object.c */ = {isa = PBXFileReference; fileEncoding = 4; lastKnownFileType = sourcecode.c.c; name = object.c; path = common/object.c; sourceTree = "<group>"; };
		441EC8360E10BD1100E74625 /* process.c */ = {isa = PBXFileReference; fileEncoding = 4; lastKnownFileType = sourcecode.c.c; name = process.c; path = common/process.c; sourceTree = "<group>"; };
		441EC8370E10BD1100E74625 /* quetzal.c */ = {isa = PBXFileReference; fileEncoding = 4; lastKnownFileType = sourcecode.c.c; name = quetzal.c; path = common/quetzal.c; sourceTree = "<group>"; };
		441EC8380E10BD1100E74625 /* random.c */ = {isa = PBXFileReference; fileEncoding = 4; lastKnownFileType = sourcecode.c.c; name = random.c; path = common/random.c; sourceTree = "<group>"; };
		441EC8390E10BD1100E74625 /* redirect.c */ = {isa = PBXFileReference; fileEncoding = 4; lastKnownFileType = sourcecode.c.c; name = redirect.c; path = common/redirect.c; sourceTree = "<group>"; };
		441EC83A0E10BD1100E74625 /* screen.c */ = {isa = PBXFileReference; fileEncoding = 4; lastKnownFileType = sourcecode.c.c; name = screen.c; path = common/screen.c; sourceTree = "<group>"; };
		441EC83B0E10BD1100E74625 /* setup.h */ = {isa = PBXFileReference; fileEncoding = 4; lastKnownFileType = sourcecode.c.h; name = setup.h; path = common/setup.h; sourceTree = "<group>"; };
		441EC83C0E10BD1100E74625 /* sound.c */ = {isa = PBXFileReference; fileEncoding = 4; lastKnownFileType = sourcecode.c.c; name = sound.c; path = common/sound.c; sourceTree = "<group>"; };
		441EC83D0E10BD1100E74625 /* stream.c */ = {isa = PBXFileReference; fileEncoding = 4; lastKnownFileType = sourcecode.c.c; name = stream.c; path = common/stream.c; sourceTree = "<group>"; };
		441EC83E0E10BD1100E74625 /* table.c */ = {isa = PBXFileReference; fileEncoding = 4; lastKnownFileType = sourcecode.c.c; name = table.c; path = common/table.c; sourceTree = "<group>"; };
		441EC83F0E10BD1100E74625 /* text.c */ = {isa = PBXFileReference; fileEncoding = 4; lastKnownFileType = sourcecode.c.c; name = text.c; path = common/text.c; sourceTree = "<group>"; };
		441EC8400E10BD1100E74625 /* variable.c */ = {isa = PBXFileReference; fileEncoding = 4; lastKnownFileType = sourcecode.c.c; name = variable.c; path = common/variable.c; sourceTree = "<group>"; };
		441EC8570E10BD4400E74625 /* getopt.h */ = {isa = PBXFileReference; fileEncoding = 4; lastKnownFileType = sourcecode.c.h; name = getopt.h; path = iphone/getopt.h; sourceTree = "<group>"; };
		441EC8580E10BD4400E74625 /* iphone.h */ = {isa = PBXFileReference; fileEncoding = 4; lastKnownFileType = sourcecode.c.h; name = iphone.h; path = iphone/iphone.h; sourceTree = "<group>"; };
		441EC8590E10BD4400E74625 /* iphone_frotz.h */ = {isa = PBXFileReference; fileEncoding = 4; lastKnownFileType = sourcecode.c.h; name = iphone_frotz.h; path = iphone/iphone_frotz.h; sourceTree = "<group>"; };
		441EC85A0E10BD4400E74625 /* main.m */ = {isa = PBXFileReference; fileEncoding = 4; lastKnownFileType = sourcecode.c.objc; name = main.m; path = iphone/main.m; sourceTree = "<group>"; };
		441EC85B0E10BD4400E74625 /* ui_audio_none.c */ = {isa = PBXFileReference; fileEncoding = 4; lastKnownFileType = sourcecode.c.c; name = ui_audio_none.c; path = iphone/ui_audio_none.c; sourceTree = "<group>"; };
		441EC85D0E10BD4400E74625 /* ui_init.c */ = {isa = PBXFileReference; fileEncoding = 4; lastKnownFileType = sourcecode.c.c; name = ui_init.c; path = iphone/ui_init.c; sourceTree = "<group>"; };
		441EC85F0E10BD4400E74625 /* ui_input.c */ = {isa = PBXFileReference; fileEncoding = 4; lastKnownFileType = sourcecode.c.c; name = ui_input.c; path = iphone/ui_input.c; sourceTree = "<group>"; };
		441EC8610E10BD4400E74625 /* ui_pic.c */ = {isa = PBXFileReference; fileEncoding = 4; lastKnownFileType = sourcecode.c.c; name = ui_pic.c; path = iphone/ui_pic.c; sourceTree = "<group>"; };
		441EC8630E10BD4400E74625 /* ui_setup.h */ = {isa = PBXFileReference; fileEncoding = 4; lastKnownFileType = sourcecode.c.h; name = ui_setup.h; path = iphone/ui_setup.h; sourceTree = "<group>"; };
		441EC8640E10BD4400E74625 /* ui_text.c */ = {isa = PBXFileReference; fileEncoding = 4; lastKnownFileType = sourcecode.c.c; name = ui_text.c; path = iphone/ui_text.c; sourceTree = "<group>"; };
		443149080E39A51B007A075F /* Default.png */ = {isa = PBXFileReference; lastKnownFileType = image.png; name = Default.png; path = resouces/Default.png; sourceTree = "<group>"; };
		443149C40E3B0077007A075F /* NavBack.png */ = {isa = PBXFileReference; lastKnownFileType = image.png; name = NavBack.png; path = resouces/NavBack.png; sourceTree = "<group>"; };
		443149D70E3B0154007A075F /* NavForward.png */ = {isa = PBXFileReference; lastKnownFileType = image.png; name = NavForward.png; path = resouces/NavForward.png; sourceTree = "<group>"; };
		443C9B480E46A518003A44D4 /* ui_utils.h */ = {isa = PBXFileReference; fileEncoding = 4; lastKnownFileType = sourcecode.c.h; name = ui_utils.h; path = iphone/ui_utils.h; sourceTree = "<group>"; };
		443C9B490E46A518003A44D4 /* ui_utils.m */ = {isa = PBXFileReference; fileEncoding = 4; lastKnownFileType = sourcecode.c.objc; name = ui_utils.m; path = iphone/ui_utils.m; sourceTree = "<group>"; };
		443C9C030E46C32C003A44D4 /* StoryMainViewController.h */ = {isa = PBXFileReference; fileEncoding = 4; lastKnownFileType = sourcecode.c.h; path = StoryMainViewController.h; sourceTree = "<group>"; };
		443C9DE20E46DD59003A44D4 /* metadata.plist */ = {isa = PBXFileReference; fileEncoding = 4; lastKnownFileType = text.plist.xml; name = metadata.plist; path = resouces/metadata.plist; sourceTree = "<group>"; };
		445FC8BA0E171B2A00059247 /* icon.png */ = {isa = PBXFileReference; lastKnownFileType = image.png; name = icon.png; path = resouces/icon.png; sourceTree = "<group>"; };
		446248DB0E3BABF10057917B /* nowplaying.png */ = {isa = PBXFileReference; lastKnownFileType = image.png; name = nowplaying.png; path = resouces/nowplaying.png; sourceTree = "<group>"; };
		446B9D960E2059E3002BDD65 /* Games */ = {isa = PBXFileReference; lastKnownFileType = folder; name = Games; path = resouces/Games; sourceTree = "<group>"; };
		446B9EA50E2075D1002BDD65 /* FileBrowser.h */ = {isa = PBXFileReference; fileEncoding = 4; lastKnownFileType = sourcecode.c.h; path = FileBrowser.h; sourceTree = "<group>"; };
		446B9EA60E2075D1002BDD65 /* FileBrowser.m */ = {isa = PBXFileReference; fileEncoding = 4; lastKnownFileType = sourcecode.c.objc; path = FileBrowser.m; sourceTree = "<group>"; };
		446B9EA70E2075D1002BDD65 /* StoryBrowser.h */ = {isa = PBXFileReference; fileEncoding = 4; lastKnownFileType = sourcecode.c.h; path = StoryBrowser.h; sourceTree = "<group>"; };
		446B9EA80E2075D1002BDD65 /* StoryBrowser.m */ = {isa = PBXFileReference; fileEncoding = 4; lastKnownFileType = sourcecode.c.objc; path = StoryBrowser.m; sourceTree = "<group>"; };
		446B9EAA0E2075D1002BDD65 /* StoryMainViewController.m */ = {isa = PBXFileReference; fileEncoding = 4; lastKnownFileType = sourcecode.c.objc; path = StoryMainViewController.m; sourceTree = "<group>"; };
		4474905F0E85BA4C00A5310F /* CFNetwork.framework */ = {isa = PBXFileReference; lastKnownFileType = wrapper.framework; name = CFNetwork.framework; path = System/Library/Frameworks/CFNetwork.framework; sourceTree = SDKROOT; };
		447E4E870E46545900B33BBF /* FrotzInfo.h */ = {isa = PBXFileReference; fileEncoding = 4; lastKnownFileType = sourcecode.c.h; path = FrotzInfo.h; sourceTree = "<group>"; };
		447E4E880E46545900B33BBF /* FrotzInfo.m */ = {isa = PBXFileReference; fileEncoding = 4; lastKnownFileType = sourcecode.c.objc; path = FrotzInfo.m; sourceTree = "<group>"; };
		448164520E6D02C60022EDC0 /* GettingStarted.h */ = {isa = PBXFileReference; fileEncoding = 4; lastKnownFileType = sourcecode.c.h; path = GettingStarted.h; sourceTree = "<group>"; };
		448164530E6D02C60022EDC0 /* GettingStarted.m */ = {isa = PBXFileReference; fileEncoding = 4; lastKnownFileType = sourcecode.c.objc; path = GettingStarted.m; sourceTree = "<group>"; };
		448167DB0E7259280022EDC0 /* FontPicker.h */ = {isa = PBXFileReference; fileEncoding = 4; lastKnownFileType = sourcecode.c.h; path = FontPicker.h; sourceTree = "<group>"; };
		448167DC0E7259280022EDC0 /* FontPicker.m */ = {isa = PBXFileReference; fileEncoding = 4; lastKnownFileType = sourcecode.c.objc; path = FontPicker.m; sourceTree = "<group>"; };
		4488D1D20E21E81F008C6FE0 /* StoryWebBrowserController.m */ = {isa = PBXFileReference; fileEncoding = 4; lastKnownFileType = sourcecode.c.objc; path = StoryWebBrowserController.m; sourceTree = "<group>"; };
		4488D1D90E21E880008C6FE0 /* StoryWebBrowserController.h */ = {isa = PBXFileReference; fileEncoding = 4; lastKnownFileType = sourcecode.c.h; path = StoryWebBrowserController.h; sourceTree = "<group>"; };
		449516A90F7DEDA90060F524 /* FTPServ.h */ = {isa = PBXFileReference; fileEncoding = 4; lastKnownFileType = sourcecode.c.h; path = FTPServ.h; sourceTree = "<group>"; };
		449516AA0F7DEDA90060F524 /* FTPServ.m */ = {isa = PBXFileReference; fileEncoding = 4; lastKnownFileType = sourcecode.c.objc; path = FTPServ.m; sourceTree = "<group>"; };
		44951E8F0E31B79A00FEC2B0 /* adler32.c */ = {isa = PBXFileReference; fileEncoding = 4; lastKnownFileType = sourcecode.c.c; name = adler32.c; path = "zlib-1.2.3/adler32.c"; sourceTree = "<group>"; };
		44951E900E31B79A00FEC2B0 /* crc32.c */ = {isa = PBXFileReference; fileEncoding = 4; lastKnownFileType = sourcecode.c.c; name = crc32.c; path = "zlib-1.2.3/crc32.c"; sourceTree = "<group>"; };
		44951E910E31B79A00FEC2B0 /* crc32.h */ = {isa = PBXFileReference; fileEncoding = 4; lastKnownFileType = sourcecode.c.h; name = crc32.h; path = "zlib-1.2.3/crc32.h"; sourceTree = "<group>"; };
		44951E920E31B79A00FEC2B0 /* deflate.c */ = {isa = PBXFileReference; fileEncoding = 4; lastKnownFileType = sourcecode.c.c; name = deflate.c; path = "zlib-1.2.3/deflate.c"; sourceTree = "<group>"; };
		44951E930E31B79A00FEC2B0 /* deflate.h */ = {isa = PBXFileReference; fileEncoding = 4; lastKnownFileType = sourcecode.c.h; name = deflate.h; path = "zlib-1.2.3/deflate.h"; sourceTree = "<group>"; };
		44951E940E31B79A00FEC2B0 /* gzio.c */ = {isa = PBXFileReference; fileEncoding = 4; lastKnownFileType = sourcecode.c.c; name = gzio.c; path = "zlib-1.2.3/gzio.c"; sourceTree = "<group>"; };
		44951E950E31B79A00FEC2B0 /* infback.c */ = {isa = PBXFileReference; fileEncoding = 4; lastKnownFileType = sourcecode.c.c; name = infback.c; path = "zlib-1.2.3/infback.c"; sourceTree = "<group>"; };
		44951E960E31B79A00FEC2B0 /* inffast.c */ = {isa = PBXFileReference; fileEncoding = 4; lastKnownFileType = sourcecode.c.c; name = inffast.c; path = "zlib-1.2.3/inffast.c"; sourceTree = "<group>"; };
		44951E970E31B79A00FEC2B0 /* inffast.h */ = {isa = PBXFileReference; fileEncoding = 4; lastKnownFileType = sourcecode.c.h; name = inffast.h; path = "zlib-1.2.3/inffast.h"; sourceTree = "<group>"; };
		44951E980E31B79A00FEC2B0 /* inffixed.h */ = {isa = PBXFileReference; fileEncoding = 4; lastKnownFileType = sourcecode.c.h; name = inffixed.h; path = "zlib-1.2.3/inffixed.h"; sourceTree = "<group>"; };
		44951E990E31B79A00FEC2B0 /* inflate.c */ = {isa = PBXFileReference; fileEncoding = 4; lastKnownFileType = sourcecode.c.c; name = inflate.c; path = "zlib-1.2.3/inflate.c"; sourceTree = "<group>"; };
		44951E9A0E31B79A00FEC2B0 /* inflate.h */ = {isa = PBXFileReference; fileEncoding = 4; lastKnownFileType = sourcecode.c.h; name = inflate.h; path = "zlib-1.2.3/inflate.h"; sourceTree = "<group>"; };
		44951E9B0E31B79A00FEC2B0 /* inftrees.c */ = {isa = PBXFileReference; fileEncoding = 4; lastKnownFileType = sourcecode.c.c; name = inftrees.c; path = "zlib-1.2.3/inftrees.c"; sourceTree = "<group>"; };
		44951E9C0E31B79A00FEC2B0 /* inftrees.h */ = {isa = PBXFileReference; fileEncoding = 4; lastKnownFileType = sourcecode.c.h; name = inftrees.h; path = "zlib-1.2.3/inftrees.h"; sourceTree = "<group>"; };
		44951E9D0E31B79A00FEC2B0 /* trees.c */ = {isa = PBXFileReference; fileEncoding = 4; lastKnownFileType = sourcecode.c.c; name = trees.c; path = "zlib-1.2.3/trees.c"; sourceTree = "<group>"; };
		44951E9E0E31B79A00FEC2B0 /* trees.h */ = {isa = PBXFileReference; fileEncoding = 4; lastKnownFileType = sourcecode.c.h; name = trees.h; path = "zlib-1.2.3/trees.h"; sourceTree = "<group>"; };
		44951E9F0E31B79A00FEC2B0 /* uncompr.c */ = {isa = PBXFileReference; fileEncoding = 4; lastKnownFileType = sourcecode.c.c; name = uncompr.c; path = "zlib-1.2.3/uncompr.c"; sourceTree = "<group>"; };
		44951EA00E31B79A00FEC2B0 /* zconf.h */ = {isa = PBXFileReference; fileEncoding = 4; lastKnownFileType = sourcecode.c.h; name = zconf.h; path = "zlib-1.2.3/zconf.h"; sourceTree = "<group>"; };
		44951EB00E31B7F500FEC2B0 /* zutil.c */ = {isa = PBXFileReference; fileEncoding = 4; lastKnownFileType = sourcecode.c.c; name = zutil.c; path = "zlib-1.2.3/zutil.c"; sourceTree = "<group>"; };
		44951EB10E31B7F500FEC2B0 /* zutil.h */ = {isa = PBXFileReference; fileEncoding = 4; lastKnownFileType = sourcecode.c.h; name = zutil.h; path = "zlib-1.2.3/zutil.h"; sourceTree = "<group>"; };
		44951EB40E31B81E00FEC2B0 /* compress.c */ = {isa = PBXFileReference; fileEncoding = 4; lastKnownFileType = sourcecode.c.c; name = compress.c; path = "zlib-1.2.3/compress.c"; sourceTree = "<group>"; };
		44951F760E32799500FEC2B0 /* crypt.h */ = {isa = PBXFileReference; fileEncoding = 4; lastKnownFileType = sourcecode.c.h; name = crypt.h; path = minizip/crypt.h; sourceTree = "<group>"; };
		44951F770E32799500FEC2B0 /* ioapi.c */ = {isa = PBXFileReference; fileEncoding = 4; lastKnownFileType = sourcecode.c.c; name = ioapi.c; path = minizip/ioapi.c; sourceTree = "<group>"; };
		44951F780E32799500FEC2B0 /* ioapi.h */ = {isa = PBXFileReference; fileEncoding = 4; lastKnownFileType = sourcecode.c.h; name = ioapi.h; path = minizip/ioapi.h; sourceTree = "<group>"; };
		44951F790E32799500FEC2B0 /* extractzfromz.m */ = {isa = PBXFileReference; fileEncoding = 4; lastKnownFileType = sourcecode.c.objc; name = extractzfromz.m; path = minizip/extractzfromz.m; sourceTree = "<group>"; };
		44951F7A0E32799500FEC2B0 /* unzip.c */ = {isa = PBXFileReference; fileEncoding = 4; lastKnownFileType = sourcecode.c.c; name = unzip.c; path = minizip/unzip.c; sourceTree = "<group>"; };
		44951F7B0E32799500FEC2B0 /* unzip.h */ = {isa = PBXFileReference; fileEncoding = 4; lastKnownFileType = sourcecode.c.h; name = unzip.h; path = minizip/unzip.h; sourceTree = "<group>"; };
		44951FA10E3281B700FEC2B0 /* extractzfromz.h */ = {isa = PBXFileReference; fileEncoding = 4; lastKnownFileType = sourcecode.c.h; name = extractzfromz.h; path = minizip/extractzfromz.h; sourceTree = "<group>"; };
		44B6DD370F7C74E500EBE1BD /* FileTransferInfo.h */ = {isa = PBXFileReference; fileEncoding = 4; lastKnownFileType = sourcecode.c.h; path = FileTransferInfo.h; sourceTree = "<group>"; };
		44B6DD380F7C74E500EBE1BD /* FileTransferInfo.m */ = {isa = PBXFileReference; fileEncoding = 4; lastKnownFileType = sourcecode.c.objc; path = FileTransferInfo.m; sourceTree = "<group>"; };
		44CA10980E3D93B0009AEF85 /* QuartzCore.framework */ = {isa = PBXFileReference; lastKnownFileType = wrapper.framework; name = QuartzCore.framework; path = System/Library/Frameworks/QuartzCore.framework; sourceTree = SDKROOT; };
		44CA11BC0E3EF636009AEF85 /* FrotzSplash.png */ = {isa = PBXFileReference; lastKnownFileType = image.png; name = FrotzSplash.png; path = resouces/FrotzSplash.png; sourceTree = "<group>"; };
		44CA12EF0E41076D009AEF85 /* TransitionView.h */ = {isa = PBXFileReference; fileEncoding = 4; lastKnownFileType = sourcecode.c.h; path = TransitionView.h; sourceTree = "<group>"; };
		44CA12F00E41076D009AEF85 /* TransitionView.m */ = {isa = PBXFileReference; fileEncoding = 4; lastKnownFileType = sourcecode.c.objc; path = TransitionView.m; sourceTree = "<group>"; };
		44EA5BA40E67CD2200EF37C5 /* AboutFrotz.h */ = {isa = PBXFileReference; fileEncoding = 4; lastKnownFileType = sourcecode.c.h; path = AboutFrotz.h; sourceTree = "<group>"; };
		44EA5BA50E67CD2200EF37C5 /* AboutFrotz.m */ = {isa = PBXFileReference; fileEncoding = 4; lastKnownFileType = sourcecode.c.objc; path = AboutFrotz.m; sourceTree = "<group>"; };
		44FA76960E4A5C43007DCC99 /* URLPromptController.h */ = {isa = PBXFileReference; fileEncoding = 4; lastKnownFileType = sourcecode.c.h; name = URLPromptController.h; path = ../URLPromptController.h; sourceTree = "<group>"; };
		44FA76970E4A5C43007DCC99 /* URLPromptController.m */ = {isa = PBXFileReference; fileEncoding = 4; lastKnownFileType = sourcecode.c.objc; name = URLPromptController.m; path = ../URLPromptController.m; sourceTree = "<group>"; };
		44FA76C00E4A5D89007DCC99 /* BookmarkListController.h */ = {isa = PBXFileReference; fileEncoding = 4; lastKnownFileType = sourcecode.c.h; path = BookmarkListController.h; sourceTree = "<group>"; };
		44FA76C10E4A5D89007DCC99 /* BookmarkListController.m */ = {isa = PBXFileReference; fileEncoding = 4; lastKnownFileType = sourcecode.c.objc; path = BookmarkListController.m; sourceTree = "<group>"; };
		44FA78060E4A82EC007DCC99 /* TextViewExt.h */ = {isa = PBXFileReference; fileEncoding = 4; lastKnownFileType = sourcecode.c.h; name = TextViewExt.h; path = ../TextViewExt.h; sourceTree = "<group>"; };
		44FB393B0E612A3D00142D85 /* FrotzSettings.m */ = {isa = PBXFileReference; fileEncoding = 4; lastKnownFileType = sourcecode.c.objc; path = FrotzSettings.m; sourceTree = "<group>"; };
		44FB393C0E612A3D00142D85 /* DisplayCell.m */ = {isa = PBXFileReference; fileEncoding = 4; lastKnownFileType = sourcecode.c.objc; path = DisplayCell.m; sourceTree = "<group>"; };
		44FB394F0E612B1D00142D85 /* SourceCell.m */ = {isa = PBXFileReference; fileEncoding = 4; lastKnownFileType = sourcecode.c.objc; path = SourceCell.m; sourceTree = "<group>"; };
		44FB39F80E62406C00142D85 /* ColorPicker.h */ = {isa = PBXFileReference; fileEncoding = 4; lastKnownFileType = sourcecode.c.h; path = ColorPicker.h; sourceTree = "<group>"; };
		44FB39F90E62406C00142D85 /* ColorPicker.m */ = {isa = PBXFileReference; fileEncoding = 4; lastKnownFileType = sourcecode.c.objc; path = ColorPicker.m; sourceTree = "<group>"; };
		44FB3BA30E6390DC00142D85 /* hsv-crosshair.png */ = {isa = PBXFileReference; lastKnownFileType = image.png; name = "hsv-crosshair.png"; path = "resouces/hsv-crosshair.png"; sourceTree = "<group>"; };
		44FB3BA40E6390DC00142D85 /* val-crosshair.png */ = {isa = PBXFileReference; lastKnownFileType = image.png; name = "val-crosshair.png"; path = "resouces/val-crosshair.png"; sourceTree = "<group>"; };
		8D1107310486CEB800E47090 /* Info.plist */ = {isa = PBXFileReference; fileEncoding = 4; lastKnownFileType = text.plist.xml; path = Info.plist; sourceTree = "<group>"; };
/* End PBXFileReference section */

/* Begin PBXFrameworksBuildPhase section */
		1D60588F0D05DD3D006BFB54 /* Frameworks */ = {
			isa = PBXFrameworksBuildPhase;
			buildActionMask = 2147483647;
			files = (
				1D60589F0D05DD5A006BFB54 /* Foundation.framework in Frameworks */,
				1DF5F4E00D08C38300B7A737 /* UIKit.framework in Frameworks */,
				2892E4100DC94CBA00A64D0F /* CoreGraphics.framework in Frameworks */,
				44CA10990E3D93B0009AEF85 /* QuartzCore.framework in Frameworks */,
				447490600E85BA4C00A5310F /* CFNetwork.framework in Frameworks */,
			);
			runOnlyForDeploymentPostprocessing = 0;
		};
/* End PBXFrameworksBuildPhase section */

/* Begin PBXGroup section */
		080E96DDFE201D6D7F000001 /* Classes */ = {
			isa = PBXGroup;
			children = (
				449516A90F7DEDA90060F524 /* FTPServ.h */,
				449516AA0F7DEDA90060F524 /* FTPServ.m */,
				44B6DD370F7C74E500EBE1BD /* FileTransferInfo.h */,
				44B6DD380F7C74E500EBE1BD /* FileTransferInfo.m */,
				448164520E6D02C60022EDC0 /* GettingStarted.h */,
				448164530E6D02C60022EDC0 /* GettingStarted.m */,
				44EA5BA40E67CD2200EF37C5 /* AboutFrotz.h */,
				44EA5BA50E67CD2200EF37C5 /* AboutFrotz.m */,
				44FB39F80E62406C00142D85 /* ColorPicker.h */,
				44FB39F90E62406C00142D85 /* ColorPicker.m */,
				44FB394F0E612B1D00142D85 /* SourceCell.m */,
				44FB393B0E612A3D00142D85 /* FrotzSettings.m */,
				44FB393C0E612A3D00142D85 /* DisplayCell.m */,
				44FA76960E4A5C43007DCC99 /* URLPromptController.h */,
				44FA78060E4A82EC007DCC99 /* TextViewExt.h */,
				44FA76970E4A5C43007DCC99 /* URLPromptController.m */,
				447E4E870E46545900B33BBF /* FrotzInfo.h */,
				447E4E880E46545900B33BBF /* FrotzInfo.m */,
				44CA12EF0E41076D009AEF85 /* TransitionView.h */,
				44CA12F00E41076D009AEF85 /* TransitionView.m */,
				446B9EA50E2075D1002BDD65 /* FileBrowser.h */,
				446B9EA60E2075D1002BDD65 /* FileBrowser.m */,
				446B9EA70E2075D1002BDD65 /* StoryBrowser.h */,
				446B9EA80E2075D1002BDD65 /* StoryBrowser.m */,
				443C9C030E46C32C003A44D4 /* StoryMainViewController.h */,
				446B9EAA0E2075D1002BDD65 /* StoryMainViewController.m */,
				4488D1D90E21E880008C6FE0 /* StoryWebBrowserController.h */,
				4488D1D20E21E81F008C6FE0 /* StoryWebBrowserController.m */,
				1D3623240D0F684500981E51 /* FrotzAppDelegate.h */,
				1D3623250D0F684500981E51 /* FrotzAppDelegate.m */,
				44FA76C00E4A5D89007DCC99 /* BookmarkListController.h */,
				44FA76C10E4A5D89007DCC99 /* BookmarkListController.m */,
				448167DB0E7259280022EDC0 /* FontPicker.h */,
				448167DC0E7259280022EDC0 /* FontPicker.m */,
			);
			path = Classes;
			sourceTree = "<group>";
		};
		19C28FACFE9D520D11CA2CBB /* Products */ = {
			isa = PBXGroup;
			children = (
				1D6058910D05DD3D006BFB54 /* Frotz.app */,
			);
			name = Products;
			sourceTree = "<group>";
		};
		29B97314FDCFA39411CA2CEA /* CustomTemplate */ = {
			isa = PBXGroup;
			children = (
				080E96DDFE201D6D7F000001 /* Classes */,
				29B97315FDCFA39411CA2CEA /* Other Sources */,
				29B97317FDCFA39411CA2CEA /* Resources */,
				29B97323FDCFA39411CA2CEA /* Frameworks */,
				19C28FACFE9D520D11CA2CBB /* Products */,
			);
			name = CustomTemplate;
			sourceTree = "<group>";
		};
		29B97315FDCFA39411CA2CEA /* Other Sources */ = {
			isa = PBXGroup;
			children = (
				44951F750E32794700FEC2B0 /* minizip */,
				44951E8E0E31B71A00FEC2B0 /* zlib */,
				441EC8560E10BD3400E74625 /* iphone */,
				441EC8550E10BD1D00E74625 /* common */,
				28A0AAE50D9B0CCF005BE974 /* Frotz_Prefix.pch */,
				29B97316FDCFA39411CA2CEA /* main.m */,
			);
			name = "Other Sources";
			sourceTree = "<group>";
		};
		29B97317FDCFA39411CA2CEA /* Resources */ = {
			isa = PBXGroup;
			children = (
				44FB3BA30E6390DC00142D85 /* hsv-crosshair.png */,
				44FB3BA40E6390DC00142D85 /* val-crosshair.png */,
				443C9DE20E46DD59003A44D4 /* metadata.plist */,
				44CA11BC0E3EF636009AEF85 /* FrotzSplash.png */,
				446248DB0E3BABF10057917B /* nowplaying.png */,
				443149D70E3B0154007A075F /* NavForward.png */,
				443149C40E3B0077007A075F /* NavBack.png */,
				443149080E39A51B007A075F /* Default.png */,
				446B9D960E2059E3002BDD65 /* Games */,
				445FC8BA0E171B2A00059247 /* icon.png */,
				8D1107310486CEB800E47090 /* Info.plist */,
			);
			name = Resources;
			sourceTree = "<group>";
		};
		29B97323FDCFA39411CA2CEA /* Frameworks */ = {
			isa = PBXGroup;
			children = (
				4474905F0E85BA4C00A5310F /* CFNetwork.framework */,
				2892E40F0DC94CBA00A64D0F /* CoreGraphics.framework */,
				44CA10980E3D93B0009AEF85 /* QuartzCore.framework */,
				1DF5F4DF0D08C38300B7A737 /* UIKit.framework */,
				1D30AB110D05D00D00671497 /* Foundation.framework */,
			);
			name = Frameworks;
			sourceTree = "<group>";
		};
		441EC8550E10BD1D00E74625 /* common */ = {
			isa = PBXGroup;
			children = (
				441EC82B0E10BD1100E74625 /* buffer.c */,
				441EC82C0E10BD1100E74625 /* err.c */,
				441EC82D0E10BD1100E74625 /* fastmem.c */,
				441EC82E0E10BD1100E74625 /* files.c */,
				441EC82F0E10BD1100E74625 /* frotz.h */,
				441EC8300E10BD1100E74625 /* getopt.c */,
				441EC8310E10BD1100E74625 /* hotkey.c */,
				441EC8320E10BD1100E74625 /* input.c */,
				441EC8330E10BD1100E74625 /* main.c */,
				441EC8340E10BD1100E74625 /* math.c */,
				441EC8350E10BD1100E74625 /* object.c */,
				441EC8360E10BD1100E74625 /* process.c */,
				441EC8370E10BD1100E74625 /* quetzal.c */,
				441EC8380E10BD1100E74625 /* random.c */,
				441EC8390E10BD1100E74625 /* redirect.c */,
				441EC83A0E10BD1100E74625 /* screen.c */,
				441EC83B0E10BD1100E74625 /* setup.h */,
				441EC83C0E10BD1100E74625 /* sound.c */,
				441EC83D0E10BD1100E74625 /* stream.c */,
				441EC83E0E10BD1100E74625 /* table.c */,
				441EC83F0E10BD1100E74625 /* text.c */,
				441EC8400E10BD1100E74625 /* variable.c */,
			);
			name = common;
			sourceTree = "<group>";
		};
		441EC8560E10BD3400E74625 /* iphone */ = {
			isa = PBXGroup;
			children = (
				441EC8570E10BD4400E74625 /* getopt.h */,
				441EC8580E10BD4400E74625 /* iphone.h */,
				441EC8590E10BD4400E74625 /* iphone_frotz.h */,
				441EC85A0E10BD4400E74625 /* main.m */,
				441EC85B0E10BD4400E74625 /* ui_audio_none.c */,
				441EC85D0E10BD4400E74625 /* ui_init.c */,
				441EC85F0E10BD4400E74625 /* ui_input.c */,
				441EC8610E10BD4400E74625 /* ui_pic.c */,
				441EC8630E10BD4400E74625 /* ui_setup.h */,
				441EC8640E10BD4400E74625 /* ui_text.c */,
				443C9B480E46A518003A44D4 /* ui_utils.h */,
				443C9B490E46A518003A44D4 /* ui_utils.m */,
			);
			name = iphone;
			sourceTree = "<group>";
		};
		44951E8E0E31B71A00FEC2B0 /* zlib */ = {
			isa = PBXGroup;
			children = (
				44951EB40E31B81E00FEC2B0 /* compress.c */,
				44951EB00E31B7F500FEC2B0 /* zutil.c */,
				44951EB10E31B7F500FEC2B0 /* zutil.h */,
				44951E8F0E31B79A00FEC2B0 /* adler32.c */,
				44951E900E31B79A00FEC2B0 /* crc32.c */,
				44951E910E31B79A00FEC2B0 /* crc32.h */,
				44951E920E31B79A00FEC2B0 /* deflate.c */,
				44951E930E31B79A00FEC2B0 /* deflate.h */,
				44951E940E31B79A00FEC2B0 /* gzio.c */,
				44951E950E31B79A00FEC2B0 /* infback.c */,
				44951E960E31B79A00FEC2B0 /* inffast.c */,
				44951E970E31B79A00FEC2B0 /* inffast.h */,
				44951E980E31B79A00FEC2B0 /* inffixed.h */,
				44951E990E31B79A00FEC2B0 /* inflate.c */,
				44951E9A0E31B79A00FEC2B0 /* inflate.h */,
				44951E9B0E31B79A00FEC2B0 /* inftrees.c */,
				44951E9C0E31B79A00FEC2B0 /* inftrees.h */,
				44951E9D0E31B79A00FEC2B0 /* trees.c */,
				44951E9E0E31B79A00FEC2B0 /* trees.h */,
				44951E9F0E31B79A00FEC2B0 /* uncompr.c */,
				44951EA00E31B79A00FEC2B0 /* zconf.h */,
			);
			name = zlib;
			sourceTree = "<group>";
		};
		44951F750E32794700FEC2B0 /* minizip */ = {
			isa = PBXGroup;
			children = (
				44951FA10E3281B700FEC2B0 /* extractzfromz.h */,
				44951F760E32799500FEC2B0 /* crypt.h */,
				44951F770E32799500FEC2B0 /* ioapi.c */,
				44951F780E32799500FEC2B0 /* ioapi.h */,
				44951F790E32799500FEC2B0 /* extractzfromz.m */,
				44951F7A0E32799500FEC2B0 /* unzip.c */,
				44951F7B0E32799500FEC2B0 /* unzip.h */,
			);
			name = minizip;
			sourceTree = "<group>";
		};
/* End PBXGroup section */

/* Begin PBXNativeTarget section */
		1D6058900D05DD3D006BFB54 /* Frotz */ = {
			isa = PBXNativeTarget;
			buildConfigurationList = 1D6058960D05DD3E006BFB54 /* Build configuration list for PBXNativeTarget "Frotz" */;
			buildPhases = (
				1D60588D0D05DD3D006BFB54 /* Resources */,
				1D60588E0D05DD3D006BFB54 /* Sources */,
				1D60588F0D05DD3D006BFB54 /* Frameworks */,
				4431B76C0E204F52001E5DAD /* CopyFiles */,
			);
			buildRules = (
			);
			dependencies = (
			);
			name = Frotz;
			productName = Frotz;
			productReference = 1D6058910D05DD3D006BFB54 /* Frotz.app */;
			productType = "com.apple.product-type.application";
		};
/* End PBXNativeTarget section */

/* Begin PBXProject section */
		29B97313FDCFA39411CA2CEA /* Project object */ = {
			isa = PBXProject;
			buildConfigurationList = C01FCF4E08A954540054247B /* Build configuration list for PBXProject "Frotz" */;
			compatibilityVersion = "Xcode 3.1";
			hasScannedForEncodings = 1;
			knownRegions = (
				English,
				Japanese,
				French,
				German,
				en,
			);
			mainGroup = 29B97314FDCFA39411CA2CEA /* CustomTemplate */;
			projectDirPath = "";
			projectRoot = "";
			targets = (
				1D6058900D05DD3D006BFB54 /* Frotz */,
			);
		};
/* End PBXProject section */

/* Begin PBXResourcesBuildPhase section */
		1D60588D0D05DD3D006BFB54 /* Resources */ = {
			isa = PBXResourcesBuildPhase;
			buildActionMask = 2147483647;
			files = (
				445FC8BB0E171B2A00059247 /* icon.png in Resources */,
				446B9DA00E2059E3002BDD65 /* Games in Resources */,
				443149090E39A51B007A075F /* Default.png in Resources */,
				443149C50E3B0077007A075F /* NavBack.png in Resources */,
				443149D80E3B0154007A075F /* NavForward.png in Resources */,
				446248DC0E3BABF10057917B /* nowplaying.png in Resources */,
				44CA11BD0E3EF636009AEF85 /* FrotzSplash.png in Resources */,
				443C9DE30E46DD59003A44D4 /* metadata.plist in Resources */,
				44FB3BA50E6390DC00142D85 /* hsv-crosshair.png in Resources */,
				44FB3BA60E6390DC00142D85 /* val-crosshair.png in Resources */,
			);
			runOnlyForDeploymentPostprocessing = 0;
		};
/* End PBXResourcesBuildPhase section */

/* Begin PBXSourcesBuildPhase section */
		1D60588E0D05DD3D006BFB54 /* Sources */ = {
			isa = PBXSourcesBuildPhase;
			buildActionMask = 2147483647;
			files = (
				1D3623260D0F684500981E51 /* FrotzAppDelegate.m in Sources */,
				441EC8410E10BD1100E74625 /* buffer.c in Sources */,
				441EC8420E10BD1100E74625 /* err.c in Sources */,
				441EC8430E10BD1100E74625 /* fastmem.c in Sources */,
				441EC8440E10BD1100E74625 /* files.c in Sources */,
				441EC8450E10BD1100E74625 /* getopt.c in Sources */,
				441EC8460E10BD1100E74625 /* hotkey.c in Sources */,
				441EC8470E10BD1100E74625 /* input.c in Sources */,
				441EC8480E10BD1100E74625 /* main.c in Sources */,
				441EC8490E10BD1100E74625 /* math.c in Sources */,
				441EC84A0E10BD1100E74625 /* object.c in Sources */,
				441EC84B0E10BD1100E74625 /* process.c in Sources */,
				441EC84C0E10BD1100E74625 /* quetzal.c in Sources */,
				441EC84D0E10BD1100E74625 /* random.c in Sources */,
				441EC84E0E10BD1100E74625 /* redirect.c in Sources */,
				441EC84F0E10BD1100E74625 /* screen.c in Sources */,
				441EC8500E10BD1100E74625 /* sound.c in Sources */,
				441EC8510E10BD1100E74625 /* stream.c in Sources */,
				441EC8520E10BD1100E74625 /* table.c in Sources */,
				441EC8530E10BD1100E74625 /* text.c in Sources */,
				441EC8540E10BD1100E74625 /* variable.c in Sources */,
				441EC8670E10BD4400E74625 /* ui_audio_none.c in Sources */,
				441EC8690E10BD4400E74625 /* ui_init.c in Sources */,
				441EC86B0E10BD4400E74625 /* ui_input.c in Sources */,
				441EC86D0E10BD4400E74625 /* ui_pic.c in Sources */,
				441EC86F0E10BD4400E74625 /* ui_text.c in Sources */,
				441EC87B0E10BF3E00E74625 /* main.m in Sources */,
				446B9EAB0E2075D1002BDD65 /* FileBrowser.m in Sources */,
				446B9EAC0E2075D1002BDD65 /* StoryBrowser.m in Sources */,
				446B9EAD0E2075D1002BDD65 /* StoryMainViewController.m in Sources */,
				4488D1D30E21E81F008C6FE0 /* StoryWebBrowserController.m in Sources */,
				44951EA10E31B79A00FEC2B0 /* adler32.c in Sources */,
				44951EA20E31B79A00FEC2B0 /* crc32.c in Sources */,
				44951EA30E31B79A00FEC2B0 /* deflate.c in Sources */,
				44951EA40E31B79A00FEC2B0 /* gzio.c in Sources */,
				44951EA50E31B79A00FEC2B0 /* infback.c in Sources */,
				44951EA60E31B79A00FEC2B0 /* inffast.c in Sources */,
				44951EA70E31B79A00FEC2B0 /* inflate.c in Sources */,
				44951EA80E31B79A00FEC2B0 /* inftrees.c in Sources */,
				44951EA90E31B79A00FEC2B0 /* trees.c in Sources */,
				44951EAA0E31B79A00FEC2B0 /* uncompr.c in Sources */,
				44951EB20E31B7F500FEC2B0 /* zutil.c in Sources */,
				44951EB50E31B81E00FEC2B0 /* compress.c in Sources */,
				44951F7C0E32799500FEC2B0 /* ioapi.c in Sources */,
				44951F7D0E32799500FEC2B0 /* extractzfromz.m in Sources */,
				44951F7E0E32799500FEC2B0 /* unzip.c in Sources */,
				44CA12F10E41076D009AEF85 /* TransitionView.m in Sources */,
				447E4E890E46545900B33BBF /* FrotzInfo.m in Sources */,
				443C9B4A0E46A518003A44D4 /* ui_utils.m in Sources */,
				44FA76980E4A5C43007DCC99 /* URLPromptController.m in Sources */,
				44FA76C20E4A5D89007DCC99 /* BookmarkListController.m in Sources */,
				44FB393D0E612A3D00142D85 /* FrotzSettings.m in Sources */,
				44FB393E0E612A3D00142D85 /* DisplayCell.m in Sources */,
				44FB39500E612B1D00142D85 /* SourceCell.m in Sources */,
				44FB39FA0E62406C00142D85 /* ColorPicker.m in Sources */,
				44EA5BA60E67CD2200EF37C5 /* AboutFrotz.m in Sources */,
				448164540E6D02C60022EDC0 /* GettingStarted.m in Sources */,
				448167DD0E7259280022EDC0 /* FontPicker.m in Sources */,
				44B6DD390F7C74E500EBE1BD /* FileTransferInfo.m in Sources */,
				449516AB0F7DEDA90060F524 /* FTPServ.m in Sources */,
			);
			runOnlyForDeploymentPostprocessing = 0;
		};
/* End PBXSourcesBuildPhase section */

/* Begin XCBuildConfiguration section */
		1D6058940D05DD3E006BFB54 /* Debug */ = {
			isa = XCBuildConfiguration;
			buildSettings = {
				ALWAYS_SEARCH_USER_PATHS = NO;
				COPY_PHASE_STRIP = NO;
				GCC_DYNAMIC_NO_PIC = NO;
				GCC_OPTIMIZATION_LEVEL = 0;
				GCC_PRECOMPILE_PREFIX_HEADER = YES;
				GCC_PREFIX_HEADER = Frotz_Prefix.pch;
				INFOPLIST_FILE = Info.plist;
				PRODUCT_NAME = Frotz;
			};
			name = Debug;
		};
		1D6058950D05DD3E006BFB54 /* Release */ = {
			isa = XCBuildConfiguration;
			buildSettings = {
				ALWAYS_SEARCH_USER_PATHS = NO;
				COPY_PHASE_STRIP = YES;
				GCC_PRECOMPILE_PREFIX_HEADER = YES;
				GCC_PREFIX_HEADER = Frotz_Prefix.pch;
				INFOPLIST_FILE = Info.plist;
				PRODUCT_NAME = Frotz;
			};
			name = Release;
		};
		44954F9E0E4AB0C00029C0F3 /* Distribution */ = {
			isa = XCBuildConfiguration;
			buildSettings = {
				ARCHS = "$(ARCHS_STANDARD_32_BIT)";
				"CODE_SIGN_IDENTITY[sdk=iphoneos*]" = "iPhone Distribution: Craig Smith";
				GCC_C_LANGUAGE_STANDARD = c99;
				GCC_PREPROCESSOR_DEFINITIONS = (
					"unix=1",
					"COLOR_SUPPORT=1",
				);
				GCC_WARN_ABOUT_RETURN_TYPE = YES;
				GCC_WARN_UNUSED_VARIABLE = YES;
				PREBINDING = NO;
				"PROVISIONING_PROFILE[sdk=iphoneos*]" = "CE196589-901E-40F8-8F42-07829F547AD2";
				SDKROOT = iphonesimulator2.0;
			};
			name = Distribution;
		};
		44954F9F0E4AB0C00029C0F3 /* Distribution */ = {
			isa = XCBuildConfiguration;
			buildSettings = {
				ALWAYS_SEARCH_USER_PATHS = NO;
				"CODE_SIGN_IDENTITY[sdk=iphoneos*]" = "iPhone Distribution: Craig Smith";
				COPY_PHASE_STRIP = YES;
				GCC_PRECOMPILE_PREFIX_HEADER = YES;
				GCC_PREFIX_HEADER = Frotz_Prefix.pch;
				INFOPLIST_FILE = Info.plist;
				PRODUCT_NAME = Frotz;
			};
			name = Distribution;
		};
		C01FCF4F08A954540054247B /* Debug */ = {
			isa = XCBuildConfiguration;
			buildSettings = {
				ARCHS = "$(ARCHS_STANDARD_32_BIT)";
				"CODE_SIGN_IDENTITY[sdk=iphoneos*]" = "iPhone Developer: Craig Smith";
				GCC_C_LANGUAGE_STANDARD = c99;
				GCC_PREPROCESSOR_DEFINITIONS = (
					"unix=1",
					"COLOR_SUPPORT=1",
				);
				GCC_WARN_ABOUT_RETURN_TYPE = YES;
				GCC_WARN_UNUSED_VARIABLE = YES;
				ONLY_ACTIVE_ARCH = YES;
				PREBINDING = NO;
				"PROVISIONING_PROFILE[sdk=iphoneos*]" = "4E5B7CAC-FE69-4971-9D37-ED734CBEC57B";
				SDKROOT = iphonesimulator2.0;
			};
			name = Debug;
		};
		C01FCF5008A954540054247B /* Release */ = {
			isa = XCBuildConfiguration;
			buildSettings = {
				ARCHS = "$(ARCHS_STANDARD_32_BIT)";
				"CODE_SIGN_IDENTITY[sdk=iphoneos*]" = "iPhone Developer: Craig Smith";
				GCC_C_LANGUAGE_STANDARD = c99;
				GCC_PREPROCESSOR_DEFINITIONS = (
					"unix=1",
					"COLOR_SUPPORT=1",
				);
				GCC_WARN_ABOUT_RETURN_TYPE = YES;
				GCC_WARN_UNUSED_VARIABLE = YES;
				PREBINDING = NO;
				"PROVISIONING_PROFILE[sdk=iphoneos*]" = "4E5B7CAC-FE69-4971-9D37-ED734CBEC57B";
				SDKROOT = iphonesimulator2.0;
			};
			name = Release;
		};
/* End XCBuildConfiguration section */

/* Begin XCConfigurationList section */
		1D6058960D05DD3E006BFB54 /* Build configuration list for PBXNativeTarget "Frotz" */ = {
			isa = XCConfigurationList;
			buildConfigurations = (
				1D6058940D05DD3E006BFB54 /* Debug */,
				1D6058950D05DD3E006BFB54 /* Release */,
				44954F9F0E4AB0C00029C0F3 /* Distribution */,
			);
			defaultConfigurationIsVisible = 0;
			defaultConfigurationName = Release;
		};
		C01FCF4E08A954540054247B /* Build configuration list for PBXProject "Frotz" */ = {
			isa = XCConfigurationList;
			buildConfigurations = (
				C01FCF4F08A954540054247B /* Debug */,
				C01FCF5008A954540054247B /* Release */,
				44954F9E0E4AB0C00029C0F3 /* Distribution */,
			);
			defaultConfigurationIsVisible = 0;
			defaultConfigurationName = Release;
		};
/* End XCConfigurationList section */
	};
	rootObject = 29B97313FDCFA39411CA2CEA /* Project object */;
}
