<?xml version="1.0" encoding="utf-8"?>
<Project ToolsVersion="4.0" xmlns="http://schemas.microsoft.com/developer/msbuild/2003">
  <ItemGroup>
    <Filter Include="Source Files">
      <UniqueIdentifier>{6b3517a8-d472-4cfa-9bc6-976d21be3e63}</UniqueIdentifier>
      <Extensions>cpp;c;cxx;def;odl;idl;hpj;bat;asm</Extensions>
    </Filter>
    <Filter Include="Header Files">
      <UniqueIdentifier>{dc1f4eab-8053-42ae-9965-9cf42206fddd}</UniqueIdentifier>
      <Extensions>h;hpp;hxx;hm;inl;inc</Extensions>
    </Filter>
    <Filter Include="Resource Files">
      <UniqueIdentifier>{2e4c4a01-b580-4988-bdf1-52f1d2c056ca}</UniqueIdentifier>
      <Extensions>rc;ico;cur;bmp;dlg;rc2;rct;bin;rgs;gif;jpg;jpeg;jpe</Extensions>
    </Filter>
    <Filter Include="Help Files">
      <UniqueIdentifier>{c59aa6c5-e892-48eb-824c-313036d76319}</UniqueIdentifier>
    </Filter>
  </ItemGroup>
  <ItemGroup>
    <ClCompile Include="..\accel.c">
      <Filter>Source Files</Filter>
    </ClCompile>
    <ClCompile Include="..\compiler.c">
      <Filter>Source Files</Filter>
    </ClCompile>
    <ClCompile Include="..\gestalt.c">
      <Filter>Source Files</Filter>
    </ClCompile>
    <ClCompile Include="..\git.c">
      <Filter>Source Files</Filter>
    </ClCompile>
    <ClCompile Include="..\git_windows.c">
      <Filter>Source Files</Filter>
    </ClCompile>
    <ClCompile Include="..\glkop.c">
      <Filter>Source Files</Filter>
    </ClCompile>
    <ClCompile Include="..\heap.c">
      <Filter>Source Files</Filter>
    </ClCompile>
    <ClCompile Include="..\memory.c">
      <Filter>Source Files</Filter>
    </ClCompile>
    <ClCompile Include="..\opcodes.c">
      <Filter>Source Files</Filter>
    </ClCompile>
    <ClCompile Include="..\operands.c">
      <Filter>Source Files</Filter>
    </ClCompile>
    <ClCompile Include="..\peephole.c">
      <Filter>Source Files</Filter>
    </ClCompile>
    <ClCompile Include="..\savefile.c">
      <Filter>Source Files</Filter>
    </ClCompile>
    <ClCompile Include="..\saveundo.c">
      <Filter>Source Files</Filter>
    </ClCompile>
    <ClCompile Include="..\search.c">
      <Filter>Source Files</Filter>
    </ClCompile>
    <ClCompile Include="..\terp.c">
      <Filter>Source Files</Filter>
    </ClCompile>
    <ClCompile Include="WindowsGlk\Glk.c">
      <Filter>Source Files</Filter>
    </ClCompile>
  </ItemGroup>
  <ItemGroup>
    <ClInclude Include="..\compiler.h">
      <Filter>Header Files</Filter>
    </ClInclude>
    <ClInclude Include="..\config.h">
      <Filter>Header Files</Filter>
    </ClInclude>
    <ClInclude Include="..\git.h">
      <Filter>Header Files</Filter>
    </ClInclude>
    <ClInclude Include="..\memory.h">
      <Filter>Header Files</Filter>
    </ClInclude>
    <ClInclude Include="..\opcodes.h">
      <Filter>Header Files</Filter>
    </ClInclude>
    <ClInclude Include="..\version.h">
      <Filter>Header Files</Filter>
    </ClInclude>
  </ItemGroup>
  <ItemGroup>
    <None Include="..\labels.inc">
      <Filter>Header Files</Filter>
    </None>
  </ItemGroup>
  <ItemGroup>
    <ResourceCompile Include="git.rc">
      <Filter>Resource Files</Filter>
    </ResourceCompile>
  </ItemGroup>
  <ItemGroup>
    <CustomBuild Include="help\Git.hhp">
      <Filter>Help Files</Filter>
    </CustomBuild>
  </ItemGroup>
</Project>